
Microsoft Visual Studio Solution File, Format Version 12.00
# Visual Studio Version 16
VisualStudioVersion = 16.0.30804.86
MinimumVisualStudioVersion = 15.0.26124.0
Project("{9A19103F-16F7-4668-BE54-9A1E7A4F7556}") = "MLTest", "MLTest\MLTest.csproj", "{4E0E6BE7-BFF2-4C05-8C53-E6F3C9B443C1}"
EndProject
Project("{9A19103F-16F7-4668-BE54-9A1E7A4F7556}") = "GOTest", "GOTest\GOTest.csproj", "{6FEBE543-E4D1-40E0-98B4-8AC0BFB02973}"
EndProject
Project("{9A19103F-16F7-4668-BE54-9A1E7A4F7556}") = "ModLoader", "ModLoader\ModLoader.csproj", "{AEB95BA8-9EC5-4C44-86BE-0AE4B1162B6E}"
EndProject
Global
	GlobalSection(SolutionConfigurationPlatforms) = preSolution
		Debug|Any CPU = Debug|Any CPU
		Debug|x64 = Debug|x64
		Debug|x86 = Debug|x86
		Release|Any CPU = Release|Any CPU
		Release|x64 = Release|x64
		Release|x86 = Release|x86
	EndGlobalSection
	GlobalSection(ProjectConfigurationPlatforms) = postSolution
		{4E0E6BE7-BFF2-4C05-8C53-E6F3C9B443C1}.Debug|Any CPU.ActiveCfg = Debug|Any CPU
		{4E0E6BE7-BFF2-4C05-8C53-E6F3C9B443C1}.Debug|Any CPU.Build.0 = Debug|Any CPU
		{4E0E6BE7-BFF2-4C05-8C53-E6F3C9B443C1}.Debug|x64.ActiveCfg = Debug|Any CPU
		{4E0E6BE7-BFF2-4C05-8C53-E6F3C9B443C1}.Debug|x64.Build.0 = Debug|Any CPU
		{4E0E6BE7-BFF2-4C05-8C53-E6F3C9B443C1}.Debug|x86.ActiveCfg = Debug|Any CPU
		{4E0E6BE7-BFF2-4C05-8C53-E6F3C9B443C1}.Debug|x86.Build.0 = Debug|Any CPU
		{4E0E6BE7-BFF2-4C05-8C53-E6F3C9B443C1}.Release|Any CPU.ActiveCfg = Release|Any CPU
		{4E0E6BE7-BFF2-4C05-8C53-E6F3C9B443C1}.Release|Any CPU.Build.0 = Release|Any CPU
		{4E0E6BE7-BFF2-4C05-8C53-E6F3C9B443C1}.Release|x64.ActiveCfg = Release|Any CPU
		{4E0E6BE7-BFF2-4C05-8C53-E6F3C9B443C1}.Release|x64.Build.0 = Release|Any CPU
		{4E0E6BE7-BFF2-4C05-8C53-E6F3C9B443C1}.Release|x86.ActiveCfg = Release|Any CPU
		{4E0E6BE7-BFF2-4C05-8C53-E6F3C9B443C1}.Release|x86.Build.0 = Release|Any CPU
		{6FEBE543-E4D1-40E0-98B4-8AC0BFB02973}.Debug|Any CPU.ActiveCfg = Debug|Any CPU
		{6FEBE543-E4D1-40E0-98B4-8AC0BFB02973}.Debug|Any CPU.Build.0 = Debug|Any CPU
		{6FEBE543-E4D1-40E0-98B4-8AC0BFB02973}.Debug|x64.ActiveCfg = Debug|Any CPU
		{6FEBE543-E4D1-40E0-98B4-8AC0BFB02973}.Debug|x64.Build.0 = Debug|Any CPU
		{6FEBE543-E4D1-40E0-98B4-8AC0BFB02973}.Debug|x86.ActiveCfg = Debug|Any CPU
		{6FEBE543-E4D1-40E0-98B4-8AC0BFB02973}.Debug|x86.Build.0 = Debug|Any CPU
		{6FEBE543-E4D1-40E0-98B4-8AC0BFB02973}.Release|Any CPU.ActiveCfg = Release|Any CPU
		{6FEBE543-E4D1-40E0-98B4-8AC0BFB02973}.Release|Any CPU.Build.0 = Release|Any CPU
		{6FEBE543-E4D1-40E0-98B4-8AC0BFB02973}.Release|x64.ActiveCfg = Release|Any CPU
		{6FEBE543-E4D1-40E0-98B4-8AC0BFB02973}.Release|x64.Build.0 = Release|Any CPU
		{6FEBE543-E4D1-40E0-98B4-8AC0BFB02973}.Release|x86.ActiveCfg = Release|Any CPU
		{6FEBE543-E4D1-40E0-98B4-8AC0BFB02973}.Release|x86.Build.0 = Release|Any CPU
		{AEB95BA8-9EC5-4C44-86BE-0AE4B1162B6E}.Debug|Any CPU.ActiveCfg = Debug|Any CPU
		{AEB95BA8-9EC5-4C44-86BE-0AE4B1162B6E}.Debug|Any CPU.Build.0 = Debug|Any CPU
		{AEB95BA8-9EC5-4C44-86BE-0AE4B1162B6E}.Debug|x64.ActiveCfg = Debug|Any CPU
		{AEB95BA8-9EC5-4C44-86BE-0AE4B1162B6E}.Debug|x64.Build.0 = Debug|Any CPU
		{AEB95BA8-9EC5-4C44-86BE-0AE4B1162B6E}.Debug|x86.ActiveCfg = Debug|Any CPU
		{AEB95BA8-9EC5-4C44-86BE-0AE4B1162B6E}.Debug|x86.Build.0 = Debug|Any CPU
		{AEB95BA8-9EC5-4C44-86BE-0AE4B1162B6E}.Release|Any CPU.ActiveCfg = Release|Any CPU
		{AEB95BA8-9EC5-4C44-86BE-0AE4B1162B6E}.Release|Any CPU.Build.0 = Release|Any CPU
		{AEB95BA8-9EC5-4C44-86BE-0AE4B1162B6E}.Release|x64.ActiveCfg = Release|Any CPU
		{AEB95BA8-9EC5-4C44-86BE-0AE4B1162B6E}.Release|x64.Build.0 = Release|Any CPU
		{AEB95BA8-9EC5-4C44-86BE-0AE4B1162B6E}.Release|x86.ActiveCfg = Release|Any CPU
		{AEB95BA8-9EC5-4C44-86BE-0AE4B1162B6E}.Release|x86.Build.0 = Release|Any CPU
	EndGlobalSection
	GlobalSection(SolutionProperties) = preSolution
		HideSolutionNode = FALSE
	EndGlobalSection
	GlobalSection(ExtensibilityGlobals) = postSolution
		SolutionGuid = {62197D4E-D70A-47D9-90DE-8B437BCC95C0}
	EndGlobalSection
EndGlobal
