
Microsoft Visual Studio Solution File, Format Version 12.00
# Visual Studio 15
VisualStudioVersion = 15.0.26124.0
MinimumVisualStudioVersion = 15.0.26124.0
Project("{FAE04EC0-301F-11D3-BF4B-00C04F79EFBC}") = "ModLoader", "ModLoader\ModLoader.csproj", "{69823ACC-313C-4BA6-B103-08E23E2F64D8}"
EndProject
Project("{FAE04EC0-301F-11D3-BF4B-00C04F79EFBC}") = "MLTest", "MLTest\MLTest.csproj", "{4E0E6BE7-BFF2-4C05-8C53-E6F3C9B443C1}"
EndProject
Project("{FAE04EC0-301F-11D3-BF4B-00C04F79EFBC}") = "Bootstrapper", "Bootstrapper\Bootstrapper.csproj", "{DF211ACE-C736-4DBB-A190-20533D132A4C}"
EndProject
Project("{FAE04EC0-301F-11D3-BF4B-00C04F79EFBC}") = "GOTest", "GOTest\GOTest.csproj", "{6FEBE543-E4D1-40E0-98B4-8AC0BFB02973}"
EndProject
Project("{FAE04EC0-301F-11D3-BF4B-00C04F79EFBC}") = "ModLoaderLite", "ModLoaderLite\ModLoaderLite.csproj", "{B27253E4-29F5-410B-B31A-25D2131F87D7}"
EndProject
Project("{FAE04EC0-301F-11D3-BF4B-00C04F79EFBC}") = "Configuration", "Configuration\Configuration.csproj", "{7318E46F-84DD-49AF-8F31-11BECD72F584}"
EndProject
Global
	GlobalSection(SolutionConfigurationPlatforms) = preSolution
		Debug|Any CPU = Debug|Any CPU
		Debug|x64 = Debug|x64
		Debug|x86 = Debug|x86
		Release|Any CPU = Release|Any CPU
		Release|x64 = Release|x64
		Release|x86 = Release|x86
	EndGlobalSection
	GlobalSection(SolutionProperties) = preSolution
		HideSolutionNode = FALSE
	EndGlobalSection
	GlobalSection(ProjectConfigurationPlatforms) = postSolution
		{69823ACC-313C-4BA6-B103-08E23E2F64D8}.Debug|Any CPU.ActiveCfg = Debug|Any CPU
		{69823ACC-313C-4BA6-B103-08E23E2F64D8}.Debug|Any CPU.Build.0 = Debug|Any CPU
		{69823ACC-313C-4BA6-B103-08E23E2F64D8}.Debug|x64.ActiveCfg = Debug|Any CPU
		{69823ACC-313C-4BA6-B103-08E23E2F64D8}.Debug|x64.Build.0 = Debug|Any CPU
		{69823ACC-313C-4BA6-B103-08E23E2F64D8}.Debug|x86.ActiveCfg = Debug|Any CPU
		{69823ACC-313C-4BA6-B103-08E23E2F64D8}.Debug|x86.Build.0 = Debug|Any CPU
		{69823ACC-313C-4BA6-B103-08E23E2F64D8}.Release|Any CPU.ActiveCfg = Release|Any CPU
		{69823ACC-313C-4BA6-B103-08E23E2F64D8}.Release|Any CPU.Build.0 = Release|Any CPU
		{69823ACC-313C-4BA6-B103-08E23E2F64D8}.Release|x64.ActiveCfg = Release|Any CPU
		{69823ACC-313C-4BA6-B103-08E23E2F64D8}.Release|x64.Build.0 = Release|Any CPU
		{69823ACC-313C-4BA6-B103-08E23E2F64D8}.Release|x86.ActiveCfg = Release|Any CPU
		{69823ACC-313C-4BA6-B103-08E23E2F64D8}.Release|x86.Build.0 = Release|Any CPU
		{4E0E6BE7-BFF2-4C05-8C53-E6F3C9B443C1}.Debug|Any CPU.ActiveCfg = Debug|Any CPU
		{4E0E6BE7-BFF2-4C05-8C53-E6F3C9B443C1}.Debug|Any CPU.Build.0 = Debug|Any CPU
		{4E0E6BE7-BFF2-4C05-8C53-E6F3C9B443C1}.Debug|x64.ActiveCfg = Debug|Any CPU
		{4E0E6BE7-BFF2-4C05-8C53-E6F3C9B443C1}.Debug|x64.Build.0 = Debug|Any CPU
		{4E0E6BE7-BFF2-4C05-8C53-E6F3C9B443C1}.Debug|x86.ActiveCfg = Debug|Any CPU
		{4E0E6BE7-BFF2-4C05-8C53-E6F3C9B443C1}.Debug|x86.Build.0 = Debug|Any CPU
		{4E0E6BE7-BFF2-4C05-8C53-E6F3C9B443C1}.Release|Any CPU.ActiveCfg = Release|Any CPU
		{4E0E6BE7-BFF2-4C05-8C53-E6F3C9B443C1}.Release|Any CPU.Build.0 = Release|Any CPU
		{4E0E6BE7-BFF2-4C05-8C53-E6F3C9B443C1}.Release|x64.ActiveCfg = Release|Any CPU
		{4E0E6BE7-BFF2-4C05-8C53-E6F3C9B443C1}.Release|x64.Build.0 = Release|Any CPU
		{4E0E6BE7-BFF2-4C05-8C53-E6F3C9B443C1}.Release|x86.ActiveCfg = Release|Any CPU
		{4E0E6BE7-BFF2-4C05-8C53-E6F3C9B443C1}.Release|x86.Build.0 = Release|Any CPU
		{DF211ACE-C736-4DBB-A190-20533D132A4C}.Debug|Any CPU.ActiveCfg = Debug|Any CPU
		{DF211ACE-C736-4DBB-A190-20533D132A4C}.Debug|Any CPU.Build.0 = Debug|Any CPU
		{DF211ACE-C736-4DBB-A190-20533D132A4C}.Debug|x64.ActiveCfg = Debug|Any CPU
		{DF211ACE-C736-4DBB-A190-20533D132A4C}.Debug|x64.Build.0 = Debug|Any CPU
		{DF211ACE-C736-4DBB-A190-20533D132A4C}.Debug|x86.ActiveCfg = Debug|Any CPU
		{DF211ACE-C736-4DBB-A190-20533D132A4C}.Debug|x86.Build.0 = Debug|Any CPU
		{DF211ACE-C736-4DBB-A190-20533D132A4C}.Release|Any CPU.ActiveCfg = Release|Any CPU
		{DF211ACE-C736-4DBB-A190-20533D132A4C}.Release|Any CPU.Build.0 = Release|Any CPU
		{DF211ACE-C736-4DBB-A190-20533D132A4C}.Release|x64.ActiveCfg = Release|Any CPU
		{DF211ACE-C736-4DBB-A190-20533D132A4C}.Release|x64.Build.0 = Release|Any CPU
		{DF211ACE-C736-4DBB-A190-20533D132A4C}.Release|x86.ActiveCfg = Release|Any CPU
		{DF211ACE-C736-4DBB-A190-20533D132A4C}.Release|x86.Build.0 = Release|Any CPU
		{6FEBE543-E4D1-40E0-98B4-8AC0BFB02973}.Debug|Any CPU.ActiveCfg = Debug|Any CPU
		{6FEBE543-E4D1-40E0-98B4-8AC0BFB02973}.Debug|Any CPU.Build.0 = Debug|Any CPU
		{6FEBE543-E4D1-40E0-98B4-8AC0BFB02973}.Debug|x64.ActiveCfg = Debug|Any CPU
		{6FEBE543-E4D1-40E0-98B4-8AC0BFB02973}.Debug|x64.Build.0 = Debug|Any CPU
		{6FEBE543-E4D1-40E0-98B4-8AC0BFB02973}.Debug|x86.ActiveCfg = Debug|Any CPU
		{6FEBE543-E4D1-40E0-98B4-8AC0BFB02973}.Debug|x86.Build.0 = Debug|Any CPU
		{6FEBE543-E4D1-40E0-98B4-8AC0BFB02973}.Release|Any CPU.ActiveCfg = Release|Any CPU
		{6FEBE543-E4D1-40E0-98B4-8AC0BFB02973}.Release|Any CPU.Build.0 = Release|Any CPU
		{6FEBE543-E4D1-40E0-98B4-8AC0BFB02973}.Release|x64.ActiveCfg = Release|Any CPU
		{6FEBE543-E4D1-40E0-98B4-8AC0BFB02973}.Release|x64.Build.0 = Release|Any CPU
		{6FEBE543-E4D1-40E0-98B4-8AC0BFB02973}.Release|x86.ActiveCfg = Release|Any CPU
		{6FEBE543-E4D1-40E0-98B4-8AC0BFB02973}.Release|x86.Build.0 = Release|Any CPU
		{B27253E4-29F5-410B-B31A-25D2131F87D7}.Debug|Any CPU.ActiveCfg = Debug|Any CPU
		{B27253E4-29F5-410B-B31A-25D2131F87D7}.Debug|Any CPU.Build.0 = Debug|Any CPU
		{B27253E4-29F5-410B-B31A-25D2131F87D7}.Debug|x64.ActiveCfg = Debug|Any CPU
		{B27253E4-29F5-410B-B31A-25D2131F87D7}.Debug|x64.Build.0 = Debug|Any CPU
		{B27253E4-29F5-410B-B31A-25D2131F87D7}.Debug|x86.ActiveCfg = Debug|Any CPU
		{B27253E4-29F5-410B-B31A-25D2131F87D7}.Debug|x86.Build.0 = Debug|Any CPU
		{B27253E4-29F5-410B-B31A-25D2131F87D7}.Release|Any CPU.ActiveCfg = Release|Any CPU
		{B27253E4-29F5-410B-B31A-25D2131F87D7}.Release|Any CPU.Build.0 = Release|Any CPU
		{B27253E4-29F5-410B-B31A-25D2131F87D7}.Release|x64.ActiveCfg = Release|Any CPU
		{B27253E4-29F5-410B-B31A-25D2131F87D7}.Release|x64.Build.0 = Release|Any CPU
		{B27253E4-29F5-410B-B31A-25D2131F87D7}.Release|x86.ActiveCfg = Release|Any CPU
		{B27253E4-29F5-410B-B31A-25D2131F87D7}.Release|x86.Build.0 = Release|Any CPU
		{7318E46F-84DD-49AF-8F31-11BECD72F584}.Debug|Any CPU.ActiveCfg = Debug|Any CPU
		{7318E46F-84DD-49AF-8F31-11BECD72F584}.Debug|Any CPU.Build.0 = Debug|Any CPU
		{7318E46F-84DD-49AF-8F31-11BECD72F584}.Debug|x64.ActiveCfg = Debug|Any CPU
		{7318E46F-84DD-49AF-8F31-11BECD72F584}.Debug|x64.Build.0 = Debug|Any CPU
		{7318E46F-84DD-49AF-8F31-11BECD72F584}.Debug|x86.ActiveCfg = Debug|Any CPU
		{7318E46F-84DD-49AF-8F31-11BECD72F584}.Debug|x86.Build.0 = Debug|Any CPU
		{7318E46F-84DD-49AF-8F31-11BECD72F584}.Release|Any CPU.ActiveCfg = Release|Any CPU
		{7318E46F-84DD-49AF-8F31-11BECD72F584}.Release|Any CPU.Build.0 = Release|Any CPU
		{7318E46F-84DD-49AF-8F31-11BECD72F584}.Release|x64.ActiveCfg = Release|Any CPU
		{7318E46F-84DD-49AF-8F31-11BECD72F584}.Release|x64.Build.0 = Release|Any CPU
		{7318E46F-84DD-49AF-8F31-11BECD72F584}.Release|x86.ActiveCfg = Release|Any CPU
		{7318E46F-84DD-49AF-8F31-11BECD72F584}.Release|x86.Build.0 = Release|Any CPU
	EndGlobalSection
EndGlobal
